
Microsoft Visual Studio Solution File, Format Version 12.00
Project("{FAE04EC0-301F-11D3-BF4B-00C04F79EFBC}") = "hello_world", "hello_world\hello_world.csproj", "{25C00FF1-95E8-43D5-A12C-D17628B53486}"
EndProject
Project("{FAE04EC0-301F-11D3-BF4B-00C04F79EFBC}") = "Calculator", "Calculator\Calculator.csproj", "{C21FC570-79D7-40D4-9954-9E9FB7F1AD29}"
EndProject
Project("{FAE04EC0-301F-11D3-BF4B-00C04F79EFBC}") = "Hangman", "Hangman\Hangman.csproj", "{0D63FDAA-E993-40B6-8203-62F0FE878A13}"
EndProject
Project("{FAE04EC0-301F-11D3-BF4B-00C04F79EFBC}") = "MVVM Weather App", "MVVM Weather App\MVVM Weather App.csproj", "{C6C1B969-DC0D-4BF5-A6DC-1A1B35DC0797}"
EndProject
Project("{FAE04EC0-301F-11D3-BF4B-00C04F79EFBC}") = "Media Player", "Media Player\Media Player.csproj", "{0B1607C6-2F2C-433F-83E9-D2D7D0D752B2}"
EndProject
Global
	GlobalSection(SolutionConfigurationPlatforms) = preSolution
		Debug|Any CPU = Debug|Any CPU
		Release|Any CPU = Release|Any CPU
	EndGlobalSection
	GlobalSection(ProjectConfigurationPlatforms) = postSolution
		{25C00FF1-95E8-43D5-A12C-D17628B53486}.Debug|Any CPU.ActiveCfg = Debug|Any CPU
		{25C00FF1-95E8-43D5-A12C-D17628B53486}.Debug|Any CPU.Build.0 = Debug|Any CPU
		{25C00FF1-95E8-43D5-A12C-D17628B53486}.Release|Any CPU.ActiveCfg = Release|Any CPU
		{25C00FF1-95E8-43D5-A12C-D17628B53486}.Release|Any CPU.Build.0 = Release|Any CPU
		{C21FC570-79D7-40D4-9954-9E9FB7F1AD29}.Debug|Any CPU.ActiveCfg = Debug|Any CPU
		{C21FC570-79D7-40D4-9954-9E9FB7F1AD29}.Debug|Any CPU.Build.0 = Debug|Any CPU
		{C21FC570-79D7-40D4-9954-9E9FB7F1AD29}.Release|Any CPU.ActiveCfg = Release|Any CPU
		{C21FC570-79D7-40D4-9954-9E9FB7F1AD29}.Release|Any CPU.Build.0 = Release|Any CPU
		{0D63FDAA-E993-40B6-8203-62F0FE878A13}.Debug|Any CPU.ActiveCfg = Debug|Any CPU
		{0D63FDAA-E993-40B6-8203-62F0FE878A13}.Debug|Any CPU.Build.0 = Debug|Any CPU
		{0D63FDAA-E993-40B6-8203-62F0FE878A13}.Release|Any CPU.ActiveCfg = Release|Any CPU
		{0D63FDAA-E993-40B6-8203-62F0FE878A13}.Release|Any CPU.Build.0 = Release|Any CPU
		{C6C1B969-DC0D-4BF5-A6DC-1A1B35DC0797}.Debug|Any CPU.ActiveCfg = Debug|Any CPU
		{C6C1B969-DC0D-4BF5-A6DC-1A1B35DC0797}.Debug|Any CPU.Build.0 = Debug|Any CPU
		{C6C1B969-DC0D-4BF5-A6DC-1A1B35DC0797}.Release|Any CPU.ActiveCfg = Release|Any CPU
		{C6C1B969-DC0D-4BF5-A6DC-1A1B35DC0797}.Release|Any CPU.Build.0 = Release|Any CPU
		{0B1607C6-2F2C-433F-83E9-D2D7D0D752B2}.Debug|Any CPU.ActiveCfg = Debug|Any CPU
		{0B1607C6-2F2C-433F-83E9-D2D7D0D752B2}.Debug|Any CPU.Build.0 = Debug|Any CPU
		{0B1607C6-2F2C-433F-83E9-D2D7D0D752B2}.Release|Any CPU.ActiveCfg = Release|Any CPU
		{0B1607C6-2F2C-433F-83E9-D2D7D0D752B2}.Release|Any CPU.Build.0 = Release|Any CPU
	EndGlobalSection
EndGlobal
